
Microsoft Visual Studio Solution File, Format Version 12.00
# Visual Studio Version 17
VisualStudioVersion = 17.0.32112.339
MinimumVisualStudioVersion = 10.0.40219.1
Project("{FAE04EC0-301F-11D3-BF4B-00C04F79EFBC}") = "OnCore_FileDownloader", "OnCore_FileDownloader\OnCore_FileDownloader.csproj", "{FC56961F-B9D6-462E-AFEC-97031630E97C}"
EndProject
Global
	GlobalSection(SolutionConfigurationPlatforms) = preSolution
		Debug|Any CPU = Debug|Any CPU
		Release|Any CPU = Release|Any CPU
	EndGlobalSection
	GlobalSection(ProjectConfigurationPlatforms) = postSolution
		{FC56961F-B9D6-462E-AFEC-97031630E97C}.Debug|Any CPU.ActiveCfg = Debug|Any CPU
		{FC56961F-B9D6-462E-AFEC-97031630E97C}.Debug|Any CPU.Build.0 = Debug|Any CPU
		{FC56961F-B9D6-462E-AFEC-97031630E97C}.Release|Any CPU.ActiveCfg = Release|Any CPU
		{FC56961F-B9D6-462E-AFEC-97031630E97C}.Release|Any CPU.Build.0 = Release|Any CPU
	EndGlobalSection
	GlobalSection(SolutionProperties) = preSolution
		HideSolutionNode = FALSE
	EndGlobalSection
	GlobalSection(ExtensibilityGlobals) = postSolution
		SolutionGuid = {E650361F-92E1-43A6-ACC1-A08BFE3F9AD5}
	EndGlobalSection
EndGlobal
